// !$*UTF8*$!
{
	archiveVersion = 1;
	classes = {
	};
	objectVersion = 46;
	objects = {

/* Begin PBXBuildFile section */
		371013571D177AFD00B7F423 /* main.cpp in Sources */ = {isa = PBXBuildFile; fileRef = 371013561D177AFD00B7F423 /* main.cpp */; };
		3710136B1D17ADB900B7F423 /* Singleton.cpp in Sources */ = {isa = PBXBuildFile; fileRef = 371013691D17ADB900B7F423 /* Singleton.cpp */; };
/* End PBXBuildFile section */

/* Begin PBXFileReference section */
		371013531D177AFD00B7F423 /* OODTest2 */ = {isa = PBXFileReference; explicitFileType = "compiled.mach-o.executable"; includeInIndex = 0; path = OODTest2; sourceTree = BUILT_PRODUCTS_DIR; };
		371013561D177AFD00B7F423 /* main.cpp */ = {isa = PBXFileReference; lastKnownFileType = sourcecode.cpp.cpp; path = main.cpp; sourceTree = "<group>"; };
		371013591D177AFD00B7F423 /* cute_image.jpg */ = {isa = PBXFileReference; lastKnownFileType = image.jpeg; path = cute_image.jpg; sourceTree = "<group>"; };
		3710135A1D177AFD00B7F423 /* nice_music.ogg */ = {isa = PBXFileReference; lastKnownFileType = file; path = nice_music.ogg; sourceTree = "<group>"; };
		3710135B1D177AFD00B7F423 /* sansation.ttf */ = {isa = PBXFileReference; lastKnownFileType = file; path = sansation.ttf; sourceTree = "<group>"; };
		3710135C1D177AFD00B7F423 /* icon.png */ = {isa = PBXFileReference; lastKnownFileType = image.png; path = icon.png; sourceTree = "<group>"; };
		371013631D177B4000B7F423 /* Buildo.hpp */ = {isa = PBXFileReference; fileEncoding = 4; lastKnownFileType = sourcecode.cpp.h; path = Buildo.hpp; sourceTree = "<group>"; };
		371013661D177F1F00B7F423 /* Prototype.hpp */ = {isa = PBXFileReference; fileEncoding = 4; lastKnownFileType = sourcecode.cpp.h; path = Prototype.hpp; sourceTree = "<group>"; };
		371013681D17A8EF00B7F423 /* AbstractFactory.hpp */ = {isa = PBXFileReference; lastKnownFileType = sourcecode.cpp.h; path = AbstractFactory.hpp; sourceTree = "<group>"; };
		371013691D17ADB900B7F423 /* Singleton.cpp */ = {isa = PBXFileReference; fileEncoding = 4; lastKnownFileType = sourcecode.cpp.cpp; path = Singleton.cpp; sourceTree = "<group>"; };
		3710136A1D17ADB900B7F423 /* Singleton.hpp */ = {isa = PBXFileReference; fileEncoding = 4; lastKnownFileType = sourcecode.cpp.h; path = Singleton.hpp; sourceTree = "<group>"; };
		3710136C1D17B1FA00B7F423 /* FactoryMethod.hpp */ = {isa = PBXFileReference; lastKnownFileType = sourcecode.cpp.h; path = FactoryMethod.hpp; sourceTree = "<group>"; };
		3710136E1D17BC1700B7F423 /* Adapter.hpp */ = {isa = PBXFileReference; fileEncoding = 4; lastKnownFileType = sourcecode.cpp.h; path = Adapter.hpp; sourceTree = "<group>"; };
		371013711D17CB0500B7F423 /* Decorator.hpp */ = {isa = PBXFileReference; fileEncoding = 4; lastKnownFileType = sourcecode.cpp.h; path = Decorator.hpp; sourceTree = "<group>"; };
/* End PBXFileReference section */

/* Begin PBXFrameworksBuildPhase section */
		371013511D177AFD00B7F423 /* Frameworks */ = {
			isa = PBXFrameworksBuildPhase;
			buildActionMask = 2147483647;
			files = (
			);
			runOnlyForDeploymentPostprocessing = 0;
		};
/* End PBXFrameworksBuildPhase section */

/* Begin PBXGroup section */
		3710134B1D177AFD00B7F423 = {
			isa = PBXGroup;
			children = (
				371013551D177AFD00B7F423 /* OODTest2 */,
				371013541D177AFD00B7F423 /* Products */,
			);
			sourceTree = "<group>";
		};
		371013541D177AFD00B7F423 /* Products */ = {
			isa = PBXGroup;
			children = (
				371013531D177AFD00B7F423 /* OODTest2 */,
			);
			name = Products;
			sourceTree = "<group>";
		};
		371013551D177AFD00B7F423 /* OODTest2 */ = {
			isa = PBXGroup;
			children = (
				371013561D177AFD00B7F423 /* main.cpp */,
				371013711D17CB0500B7F423 /* Decorator.hpp */,
				3710136E1D17BC1700B7F423 /* Adapter.hpp */,
				3710136C1D17B1FA00B7F423 /* FactoryMethod.hpp */,
				371013691D17ADB900B7F423 /* Singleton.cpp */,
				3710136A1D17ADB900B7F423 /* Singleton.hpp */,
				371013681D17A8EF00B7F423 /* AbstractFactory.hpp */,
				371013631D177B4000B7F423 /* Buildo.hpp */,
				371013661D177F1F00B7F423 /* Prototype.hpp */,
				371013581D177AFD00B7F423 /* Resources */,
			);
			path = OODTest2;
			sourceTree = "<group>";
		};
		371013581D177AFD00B7F423 /* Resources */ = {
			isa = PBXGroup;
			children = (
				371013591D177AFD00B7F423 /* cute_image.jpg */,
				3710135A1D177AFD00B7F423 /* nice_music.ogg */,
				3710135B1D177AFD00B7F423 /* sansation.ttf */,
				3710135C1D177AFD00B7F423 /* icon.png */,
			);
			name = Resources;
			sourceTree = "<group>";
		};
/* End PBXGroup section */

/* Begin PBXNativeTarget section */
		371013521D177AFD00B7F423 /* OODTest2 */ = {
			isa = PBXNativeTarget;
			buildConfigurationList = 3710135F1D177AFD00B7F423 /* Build configuration list for PBXNativeTarget "OODTest2" */;
			buildPhases = (
				371013501D177AFD00B7F423 /* Sources */,
				371013511D177AFD00B7F423 /* Frameworks */,
			);
			buildRules = (
			);
			dependencies = (
			);
			name = OODTest2;
			productName = OODTest2;
			productReference = 371013531D177AFD00B7F423 /* OODTest2 */;
			productType = "com.apple.product-type.tool";
		};
/* End PBXNativeTarget section */

/* Begin PBXProject section */
		3710134C1D177AFD00B7F423 /* Project object */ = {
			isa = PBXProject;
			attributes = {
				LastUpgradeCheck = 0710;
				ORGANIZATIONNAME = "Patrick Nappa";
				TargetAttributes = {
					371013521D177AFD00B7F423 = {
						CreatedOnToolsVersion = 7.1;
					};
				};
			};
			buildConfigurationList = 3710134F1D177AFD00B7F423 /* Build configuration list for PBXProject "OODTest2" */;
			compatibilityVersion = "Xcode 3.2";
			developmentRegion = English;
			hasScannedForEncodings = 0;
			knownRegions = (
				en,
			);
			mainGroup = 3710134B1D177AFD00B7F423;
			productRefGroup = 371013541D177AFD00B7F423 /* Products */;
			projectDirPath = "";
			projectRoot = "";
			targets = (
				371013521D177AFD00B7F423 /* OODTest2 */,
			);
		};
/* End PBXProject section */

/* Begin PBXSourcesBuildPhase section */
		371013501D177AFD00B7F423 /* Sources */ = {
			isa = PBXSourcesBuildPhase;
			buildActionMask = 2147483647;
			files = (
				371013571D177AFD00B7F423 /* main.cpp in Sources */,
				3710136B1D17ADB900B7F423 /* Singleton.cpp in Sources */,
			);
			runOnlyForDeploymentPostprocessing = 0;
		};
/* End PBXSourcesBuildPhase section */

/* Begin XCBuildConfiguration section */
		3710135D1D177AFD00B7F423 /* Debug */ = {
			isa = XCBuildConfiguration;
			buildSettings = {
				ARCHS = (
					i386,
					x86_64,
				);
				CLANG_CXX_LANGUAGE_STANDARD = "c++0x";
				CLANG_CXX_LIBRARY = "libc++";
				FRAMEWORK_SEARCH_PATHS = (
					/Library/Frameworks/,
					"$(inherited)",
				);
				GCC_VERSION = com.apple.compilers.llvm.clang.1_0;
				HEADER_SEARCH_PATHS = (
					/usr/local/include/,
					"$(inherited)",
				);
				LIBRARY_SEARCH_PATHS = (
					/usr/local/lib/,
					"$(inherited)",
				);
				MACOSX_DEPLOYMENT_TARGET = 10.7;
				OTHER_LDFLAGS = (
					"$(inherited)",
					"$(SFML_SYSTEM)",
					"$(SFML_WINDOW)",
					"$(SFML_GRAPHICS)",
					"$(SFML_AUDIO)",
					"$(SFML_NETWORK)",
				);
				SFML_AUDIO = "$(SFML_LINK_PREFIX) sfml-audio$(SFML_LINK_SUFFIX)";
				SFML_BINARY_TYPE = FRAMEWORKS;
				SFML_GRAPHICS = "$(SFML_LINK_PREFIX) sfml-graphics$(SFML_LINK_SUFFIX)";
				SFML_LINK_DYLIBS_PREFIX = "-l";
				SFML_LINK_DYLIBS_SUFFIX = "";
				SFML_LINK_FRAMEWORKS_PREFIX = "-framework";
				SFML_LINK_FRAMEWORKS_SUFFIX = "";
				SFML_LINK_PREFIX = "$(SFML_LINK_$(SFML_BINARY_TYPE)_PREFIX)";
				SFML_LINK_SUFFIX = "$(SFML_LINK_$(SFML_BINARY_TYPE)_SUFFIX)";
				SFML_NETWORK = "$(SFML_LINK_PREFIX) sfml-network$(SFML_LINK_SUFFIX)";
				SFML_SYSTEM = "$(SFML_LINK_PREFIX) sfml-system$(SFML_LINK_SUFFIX)";
				SFML_WINDOW = "$(SFML_LINK_PREFIX) sfml-window$(SFML_LINK_SUFFIX)";
				SUPPORTED_PLATFORMS = macosx;
			};
			name = Debug;
		};
		3710135E1D177AFD00B7F423 /* Release */ = {
			isa = XCBuildConfiguration;
			buildSettings = {
				ARCHS = (
					i386,
					x86_64,
				);
				CLANG_CXX_LANGUAGE_STANDARD = "c++0x";
				CLANG_CXX_LIBRARY = "libc++";
				FRAMEWORK_SEARCH_PATHS = (
					/Library/Frameworks/,
					"$(inherited)",
				);
				GCC_VERSION = com.apple.compilers.llvm.clang.1_0;
				HEADER_SEARCH_PATHS = (
					/usr/local/include/,
					"$(inherited)",
				);
				LIBRARY_SEARCH_PATHS = (
					/usr/local/lib/,
					"$(inherited)",
				);
				MACOSX_DEPLOYMENT_TARGET = 10.7;
				OTHER_LDFLAGS = (
					"$(inherited)",
					"$(SFML_SYSTEM)",
					"$(SFML_WINDOW)",
					"$(SFML_GRAPHICS)",
					"$(SFML_AUDIO)",
					"$(SFML_NETWORK)",
				);
				SFML_AUDIO = "$(SFML_LINK_PREFIX) sfml-audio$(SFML_LINK_SUFFIX)";
				SFML_BINARY_TYPE = FRAMEWORKS;
				SFML_GRAPHICS = "$(SFML_LINK_PREFIX) sfml-graphics$(SFML_LINK_SUFFIX)";
				SFML_LINK_DYLIBS_PREFIX = "-l";
				SFML_LINK_DYLIBS_SUFFIX = "";
				SFML_LINK_FRAMEWORKS_PREFIX = "-framework";
				SFML_LINK_FRAMEWORKS_SUFFIX = "";
				SFML_LINK_PREFIX = "$(SFML_LINK_$(SFML_BINARY_TYPE)_PREFIX)";
				SFML_LINK_SUFFIX = "$(SFML_LINK_$(SFML_BINARY_TYPE)_SUFFIX)";
				SFML_NETWORK = "$(SFML_LINK_PREFIX) sfml-network$(SFML_LINK_SUFFIX)";
				SFML_SYSTEM = "$(SFML_LINK_PREFIX) sfml-system$(SFML_LINK_SUFFIX)";
				SFML_WINDOW = "$(SFML_LINK_PREFIX) sfml-window$(SFML_LINK_SUFFIX)";
				SUPPORTED_PLATFORMS = macosx;
			};
			name = Release;
		};
		371013601D177AFD00B7F423 /* Debug */ = {
			isa = XCBuildConfiguration;
			buildSettings = {
				PRODUCT_NAME = "$(TARGET_NAME)";
			};
			name = Debug;
		};
		371013611D177AFD00B7F423 /* Release */ = {
			isa = XCBuildConfiguration;
			buildSettings = {
				PRODUCT_NAME = "$(TARGET_NAME)";
			};
			name = Release;
		};
/* End XCBuildConfiguration section */

/* Begin XCConfigurationList section */
		3710134F1D177AFD00B7F423 /* Build configuration list for PBXProject "OODTest2" */ = {
			isa = XCConfigurationList;
			buildConfigurations = (
				3710135D1D177AFD00B7F423 /* Debug */,
				3710135E1D177AFD00B7F423 /* Release */,
			);
			defaultConfigurationIsVisible = 0;
			defaultConfigurationName = Release;
		};
		3710135F1D177AFD00B7F423 /* Build configuration list for PBXNativeTarget "OODTest2" */ = {
			isa = XCConfigurationList;
			buildConfigurations = (
				371013601D177AFD00B7F423 /* Debug */,
				371013611D177AFD00B7F423 /* Release */,
			);
			defaultConfigurationIsVisible = 0;
		};
/* End XCConfigurationList section */
	};
	rootObject = 3710134C1D177AFD00B7F423 /* Project object */;
}
